
Microsoft Visual Studio Solution File, Format Version 12.00
# Visual Studio Version 16
VisualStudioVersion = 16.0.30907.101
MinimumVisualStudioVersion = 10.0.40219.1
Project("{9092AA53-FB77-4645-B42D-1CCCA6BD08BD}") = "SimpleBackendAPI", "SimpleBackendAPI.njsproj", "{0A329807-1DE9-4F89-B31B-FD3B39C46A50}"
EndProject
Global
	GlobalSection(SolutionConfigurationPlatforms) = preSolution
		Debug|Any CPU = Debug|Any CPU
		Release|Any CPU = Release|Any CPU
	EndGlobalSection
	GlobalSection(ProjectConfigurationPlatforms) = postSolution
		{0A329807-1DE9-4F89-B31B-FD3B39C46A50}.Debug|Any CPU.ActiveCfg = Debug|Any CPU
		{0A329807-1DE9-4F89-B31B-FD3B39C46A50}.Debug|Any CPU.Build.0 = Debug|Any CPU
		{0A329807-1DE9-4F89-B31B-FD3B39C46A50}.Release|Any CPU.ActiveCfg = Release|Any CPU
		{0A329807-1DE9-4F89-B31B-FD3B39C46A50}.Release|Any CPU.Build.0 = Release|Any CPU
	EndGlobalSection
	GlobalSection(SolutionProperties) = preSolution
		HideSolutionNode = FALSE
	EndGlobalSection
	GlobalSection(ExtensibilityGlobals) = postSolution
		SolutionGuid = {72580BAE-1316-4693-890A-D605B7736A15}
	EndGlobalSection
EndGlobal
